
Microsoft Visual Studio Solution File, Format Version 12.00
# Visual Studio Version 16
VisualStudioVersion = 16.0.32228.343
MinimumVisualStudioVersion = 10.0.40219.1
Project("{2150E333-8FDC-42A3-9474-1A3956D46DE8}") = "Services", "Services", "{E2DA3D30-1D4F-4323-AE25-F2C3F877ADD4}"
EndProject
Project("{2150E333-8FDC-42A3-9474-1A3956D46DE8}") = "Catalog", "Catalog", "{DC1B8AF4-22C4-45EB-9BCC-AF08756C0CC7}"
EndProject
Project("{9A19103F-16F7-4668-BE54-9A1E7A4F7556}") = "FreeCourse.Services.Catalog", "Services\Catalog\FreeCourse.Services.Catalog\FreeCourse.Services.Catalog.csproj", "{23EA7110-BAB4-436F-A012-6A95A04583EB}"
EndProject
Project("{2150E333-8FDC-42A3-9474-1A3956D46DE8}") = "Shared", "Shared", "{9114FF88-636A-40CF-9548-B704F76017C6}"
EndProject
Project("{9A19103F-16F7-4668-BE54-9A1E7A4F7556}") = "FreeCourse.Shared", "Shared\FreeCourse.Shared\FreeCourse.Shared.csproj", "{2C32D288-2BFC-425F-AFEB-DB0E3C6C38AD}"
EndProject
Project("{2150E333-8FDC-42A3-9474-1A3956D46DE8}") = "IdentityServer", "IdentityServer", "{6152F8C0-39B3-4C9C-A8AF-05091102346F}"
EndProject
Project("{9A19103F-16F7-4668-BE54-9A1E7A4F7556}") = "FreeCourse.IdentityServer", "IdentityServer\FreeCourse.IdentityServer\FreeCourse.IdentityServer.csproj", "{8E65BF5F-403D-43D7-87D0-58BFA085EC5E}"
EndProject
Project("{2150E333-8FDC-42A3-9474-1A3956D46DE8}") = "PhotoStock", "PhotoStock", "{0BCCF931-71B1-4C1B-A007-8177279DAEE9}"
EndProject
Project("{9A19103F-16F7-4668-BE54-9A1E7A4F7556}") = "FreeCourse.Services.PhotoStock", "Services\PhotoStock\FreeCourse.Services.PhotoStock\FreeCourse.Services.PhotoStock.csproj", "{E4D86AD4-E492-41E4-A0FF-C51FFC46014E}"
EndProject
Project("{2150E333-8FDC-42A3-9474-1A3956D46DE8}") = "Basket", "Basket", "{6677975A-0257-4B4C-B17A-E39A2ACF157D}"
EndProject
Project("{9A19103F-16F7-4668-BE54-9A1E7A4F7556}") = "FreeCourse.Services.Basket", "Services\Basket\FreeCourse.Services.Basket\FreeCourse.Services.Basket.csproj", "{7C0FBF24-D153-4941-9187-34BEB488672B}"
EndProject
Project("{2150E333-8FDC-42A3-9474-1A3956D46DE8}") = "Discount", "Discount", "{DE2D01FE-6138-433A-8C57-420DEE0C06CA}"
EndProject
Project("{9A19103F-16F7-4668-BE54-9A1E7A4F7556}") = "FreeCourse.Services.Discount", "Services\Discount\FreeCourse.Services.Discount\FreeCourse.Services.Discount.csproj", "{02BA2903-314C-4A2C-AD98-66F6CDCB402C}"
EndProject
Project("{2150E333-8FDC-42A3-9474-1A3956D46DE8}") = "Order", "Order", "{6074AD2F-7616-42D0-BDC6-C5BED985DFA4}"
EndProject
Project("{9A19103F-16F7-4668-BE54-9A1E7A4F7556}") = "FreeCourse.Services.Order", "Services\Order\FreeCourse.Services.Order\FreeCourse.Services.Order.csproj", "{3EDB4FAB-3B2B-4A75-880B-437F0B97569B}"
EndProject
Project("{9A19103F-16F7-4668-BE54-9A1E7A4F7556}") = "FreeCourse.Services.Order.Application", "Services\Order\FreeCourse.Services.Order.Application\FreeCourse.Services.Order.Application.csproj", "{9AD76B34-49BD-436D-A63D-EEF961A24785}"
EndProject
Project("{9A19103F-16F7-4668-BE54-9A1E7A4F7556}") = "FreeCourse.Services.Order.Domain", "Services\Order\FreeCourse.Services.Order.Domain\FreeCourse.Services.Order.Domain.csproj", "{29323FA2-432B-4F9B-9904-0B1D5125EE8B}"
EndProject
Project("{9A19103F-16F7-4668-BE54-9A1E7A4F7556}") = "FreeCourse.Services.Order.Infrastructre", "Services\Order\FreeCourse.Services.Order.Infrastructre\FreeCourse.Services.Order.Infrastructre.csproj", "{09A6EEA4-BCB7-45FB-A415-E17CA76F21D9}"
EndProject
Project("{2150E333-8FDC-42A3-9474-1A3956D46DE8}") = "Gateways", "Gateways", "{7B7538EB-B1AA-44A1-AD74-B3A13F085F78}"
EndProject
Project("{9A19103F-16F7-4668-BE54-9A1E7A4F7556}") = "FreeCourse.Gateways", "Gateways\FreeCourse.Gateways\FreeCourse.Gateways.csproj", "{3519B39F-A376-4AA7-B445-C456928C7613}"
EndProject
Project("{2150E333-8FDC-42A3-9474-1A3956D46DE8}") = "FakePayment", "FakePayment", "{004D6399-8C28-4024-9856-7B703769116B}"
EndProject
Project("{FAE04EC0-301F-11D3-BF4B-00C04F79EFBC}") = "FreeCourse.Services.FakePayment", "Services\FakePayment\FreeCourse.Services.FakePayment\FreeCourse.Services.FakePayment.csproj", "{1A6B0D1E-BA99-4A0E-A21A-7E0AE9096B72}"
EndProject
Project("{2150E333-8FDC-42A3-9474-1A3956D46DE8}") = "Frontends", "Frontends", "{AAAEBA7C-F3EA-4E68-9819-9A6870FA7A70}"
EndProject
Project("{FAE04EC0-301F-11D3-BF4B-00C04F79EFBC}") = "FreeCourse.Web", "Frontends\FreeCourse.Web\FreeCourse.Web.csproj", "{17DCBB3A-F8E4-446E-9CC4-6A653D074561}"
EndProject
Global
	GlobalSection(SolutionConfigurationPlatforms) = preSolution
		Debug|Any CPU = Debug|Any CPU
		Release|Any CPU = Release|Any CPU
	EndGlobalSection
	GlobalSection(ProjectConfigurationPlatforms) = postSolution
		{23EA7110-BAB4-436F-A012-6A95A04583EB}.Debug|Any CPU.ActiveCfg = Debug|Any CPU
		{23EA7110-BAB4-436F-A012-6A95A04583EB}.Debug|Any CPU.Build.0 = Debug|Any CPU
		{23EA7110-BAB4-436F-A012-6A95A04583EB}.Release|Any CPU.ActiveCfg = Release|Any CPU
		{23EA7110-BAB4-436F-A012-6A95A04583EB}.Release|Any CPU.Build.0 = Release|Any CPU
		{2C32D288-2BFC-425F-AFEB-DB0E3C6C38AD}.Debug|Any CPU.ActiveCfg = Debug|Any CPU
		{2C32D288-2BFC-425F-AFEB-DB0E3C6C38AD}.Debug|Any CPU.Build.0 = Debug|Any CPU
		{2C32D288-2BFC-425F-AFEB-DB0E3C6C38AD}.Release|Any CPU.ActiveCfg = Release|Any CPU
		{2C32D288-2BFC-425F-AFEB-DB0E3C6C38AD}.Release|Any CPU.Build.0 = Release|Any CPU
		{8E65BF5F-403D-43D7-87D0-58BFA085EC5E}.Debug|Any CPU.ActiveCfg = Debug|Any CPU
		{8E65BF5F-403D-43D7-87D0-58BFA085EC5E}.Debug|Any CPU.Build.0 = Debug|Any CPU
		{8E65BF5F-403D-43D7-87D0-58BFA085EC5E}.Release|Any CPU.ActiveCfg = Release|Any CPU
		{8E65BF5F-403D-43D7-87D0-58BFA085EC5E}.Release|Any CPU.Build.0 = Release|Any CPU
		{E4D86AD4-E492-41E4-A0FF-C51FFC46014E}.Debug|Any CPU.ActiveCfg = Debug|Any CPU
		{E4D86AD4-E492-41E4-A0FF-C51FFC46014E}.Debug|Any CPU.Build.0 = Debug|Any CPU
		{E4D86AD4-E492-41E4-A0FF-C51FFC46014E}.Release|Any CPU.ActiveCfg = Release|Any CPU
		{E4D86AD4-E492-41E4-A0FF-C51FFC46014E}.Release|Any CPU.Build.0 = Release|Any CPU
		{7C0FBF24-D153-4941-9187-34BEB488672B}.Debug|Any CPU.ActiveCfg = Debug|Any CPU
		{7C0FBF24-D153-4941-9187-34BEB488672B}.Debug|Any CPU.Build.0 = Debug|Any CPU
		{7C0FBF24-D153-4941-9187-34BEB488672B}.Release|Any CPU.ActiveCfg = Release|Any CPU
		{7C0FBF24-D153-4941-9187-34BEB488672B}.Release|Any CPU.Build.0 = Release|Any CPU
		{02BA2903-314C-4A2C-AD98-66F6CDCB402C}.Debug|Any CPU.ActiveCfg = Debug|Any CPU
		{02BA2903-314C-4A2C-AD98-66F6CDCB402C}.Debug|Any CPU.Build.0 = Debug|Any CPU
		{02BA2903-314C-4A2C-AD98-66F6CDCB402C}.Release|Any CPU.ActiveCfg = Release|Any CPU
		{02BA2903-314C-4A2C-AD98-66F6CDCB402C}.Release|Any CPU.Build.0 = Release|Any CPU
		{3EDB4FAB-3B2B-4A75-880B-437F0B97569B}.Debug|Any CPU.ActiveCfg = Debug|Any CPU
		{3EDB4FAB-3B2B-4A75-880B-437F0B97569B}.Debug|Any CPU.Build.0 = Debug|Any CPU
		{3EDB4FAB-3B2B-4A75-880B-437F0B97569B}.Release|Any CPU.ActiveCfg = Release|Any CPU
		{3EDB4FAB-3B2B-4A75-880B-437F0B97569B}.Release|Any CPU.Build.0 = Release|Any CPU
		{9AD76B34-49BD-436D-A63D-EEF961A24785}.Debug|Any CPU.ActiveCfg = Debug|Any CPU
		{9AD76B34-49BD-436D-A63D-EEF961A24785}.Debug|Any CPU.Build.0 = Debug|Any CPU
		{9AD76B34-49BD-436D-A63D-EEF961A24785}.Release|Any CPU.ActiveCfg = Release|Any CPU
		{9AD76B34-49BD-436D-A63D-EEF961A24785}.Release|Any CPU.Build.0 = Release|Any CPU
		{29323FA2-432B-4F9B-9904-0B1D5125EE8B}.Debug|Any CPU.ActiveCfg = Debug|Any CPU
		{29323FA2-432B-4F9B-9904-0B1D5125EE8B}.Debug|Any CPU.Build.0 = Debug|Any CPU
		{29323FA2-432B-4F9B-9904-0B1D5125EE8B}.Release|Any CPU.ActiveCfg = Release|Any CPU
		{29323FA2-432B-4F9B-9904-0B1D5125EE8B}.Release|Any CPU.Build.0 = Release|Any CPU
		{09A6EEA4-BCB7-45FB-A415-E17CA76F21D9}.Debug|Any CPU.ActiveCfg = Debug|Any CPU
		{09A6EEA4-BCB7-45FB-A415-E17CA76F21D9}.Debug|Any CPU.Build.0 = Debug|Any CPU
		{09A6EEA4-BCB7-45FB-A415-E17CA76F21D9}.Release|Any CPU.ActiveCfg = Release|Any CPU
		{09A6EEA4-BCB7-45FB-A415-E17CA76F21D9}.Release|Any CPU.Build.0 = Release|Any CPU
		{3519B39F-A376-4AA7-B445-C456928C7613}.Debug|Any CPU.ActiveCfg = Debug|Any CPU
		{3519B39F-A376-4AA7-B445-C456928C7613}.Debug|Any CPU.Build.0 = Debug|Any CPU
		{3519B39F-A376-4AA7-B445-C456928C7613}.Release|Any CPU.ActiveCfg = Release|Any CPU
		{3519B39F-A376-4AA7-B445-C456928C7613}.Release|Any CPU.Build.0 = Release|Any CPU
		{1A6B0D1E-BA99-4A0E-A21A-7E0AE9096B72}.Debug|Any CPU.ActiveCfg = Debug|Any CPU
		{1A6B0D1E-BA99-4A0E-A21A-7E0AE9096B72}.Debug|Any CPU.Build.0 = Debug|Any CPU
		{1A6B0D1E-BA99-4A0E-A21A-7E0AE9096B72}.Release|Any CPU.ActiveCfg = Release|Any CPU
		{1A6B0D1E-BA99-4A0E-A21A-7E0AE9096B72}.Release|Any CPU.Build.0 = Release|Any CPU
		{17DCBB3A-F8E4-446E-9CC4-6A653D074561}.Debug|Any CPU.ActiveCfg = Debug|Any CPU
		{17DCBB3A-F8E4-446E-9CC4-6A653D074561}.Debug|Any CPU.Build.0 = Debug|Any CPU
		{17DCBB3A-F8E4-446E-9CC4-6A653D074561}.Release|Any CPU.ActiveCfg = Release|Any CPU
		{17DCBB3A-F8E4-446E-9CC4-6A653D074561}.Release|Any CPU.Build.0 = Release|Any CPU
	EndGlobalSection
	GlobalSection(SolutionProperties) = preSolution
		HideSolutionNode = FALSE
	EndGlobalSection
	GlobalSection(NestedProjects) = preSolution
		{DC1B8AF4-22C4-45EB-9BCC-AF08756C0CC7} = {E2DA3D30-1D4F-4323-AE25-F2C3F877ADD4}
		{23EA7110-BAB4-436F-A012-6A95A04583EB} = {DC1B8AF4-22C4-45EB-9BCC-AF08756C0CC7}
		{2C32D288-2BFC-425F-AFEB-DB0E3C6C38AD} = {9114FF88-636A-40CF-9548-B704F76017C6}
		{8E65BF5F-403D-43D7-87D0-58BFA085EC5E} = {6152F8C0-39B3-4C9C-A8AF-05091102346F}
		{0BCCF931-71B1-4C1B-A007-8177279DAEE9} = {E2DA3D30-1D4F-4323-AE25-F2C3F877ADD4}
		{E4D86AD4-E492-41E4-A0FF-C51FFC46014E} = {0BCCF931-71B1-4C1B-A007-8177279DAEE9}
		{6677975A-0257-4B4C-B17A-E39A2ACF157D} = {E2DA3D30-1D4F-4323-AE25-F2C3F877ADD4}
		{7C0FBF24-D153-4941-9187-34BEB488672B} = {6677975A-0257-4B4C-B17A-E39A2ACF157D}
		{DE2D01FE-6138-433A-8C57-420DEE0C06CA} = {E2DA3D30-1D4F-4323-AE25-F2C3F877ADD4}
		{02BA2903-314C-4A2C-AD98-66F6CDCB402C} = {DE2D01FE-6138-433A-8C57-420DEE0C06CA}
		{6074AD2F-7616-42D0-BDC6-C5BED985DFA4} = {E2DA3D30-1D4F-4323-AE25-F2C3F877ADD4}
		{3EDB4FAB-3B2B-4A75-880B-437F0B97569B} = {6074AD2F-7616-42D0-BDC6-C5BED985DFA4}
		{9AD76B34-49BD-436D-A63D-EEF961A24785} = {6074AD2F-7616-42D0-BDC6-C5BED985DFA4}
		{29323FA2-432B-4F9B-9904-0B1D5125EE8B} = {6074AD2F-7616-42D0-BDC6-C5BED985DFA4}
		{09A6EEA4-BCB7-45FB-A415-E17CA76F21D9} = {6074AD2F-7616-42D0-BDC6-C5BED985DFA4}
		{3519B39F-A376-4AA7-B445-C456928C7613} = {7B7538EB-B1AA-44A1-AD74-B3A13F085F78}
		{004D6399-8C28-4024-9856-7B703769116B} = {E2DA3D30-1D4F-4323-AE25-F2C3F877ADD4}
		{1A6B0D1E-BA99-4A0E-A21A-7E0AE9096B72} = {004D6399-8C28-4024-9856-7B703769116B}
		{17DCBB3A-F8E4-446E-9CC4-6A653D074561} = {AAAEBA7C-F3EA-4E68-9819-9A6870FA7A70}
	EndGlobalSection
	GlobalSection(ExtensibilityGlobals) = postSolution
		SolutionGuid = {D018756B-39C9-43DC-9CE7-EB0E474B1656}
	EndGlobalSection
EndGlobal
